
Microsoft Visual Studio Solution File, Format Version 12.00
# Visual Studio 15
VisualStudioVersion = 15.0.27703.2047
MinimumVisualStudioVersion = 10.0.40219.1
Project("{FAE04EC0-301F-11D3-BF4B-00C04F79EFBC}") = "GlobalTouch.Android", "GlobalTouch\GlobalTouch.Android\GlobalTouch.Android.csproj", "{F381F054-1A82-4D9D-B4D1-F6B2536D4067}"
EndProject
Project("{FAE04EC0-301F-11D3-BF4B-00C04F79EFBC}") = "GlobalTouch.iOS", "GlobalTouch\GlobalTouch.iOS\GlobalTouch.iOS.csproj", "{ECAE68B1-90E0-4292-A411-D9F6C52E4B48}"
EndProject
Project("{FAE04EC0-301F-11D3-BF4B-00C04F79EFBC}") = "GlobalTouch", "GlobalTouch\GlobalTouch\GlobalTouch.csproj", "{8E016CFD-94A9-46D7-9D71-362DDEE0EAD3}"
EndProject
Global
	GlobalSection(SolutionConfigurationPlatforms) = preSolution
		Ad-Hoc|Any CPU = Ad-Hoc|Any CPU
		Ad-Hoc|iPhone = Ad-Hoc|iPhone
		Ad-Hoc|iPhoneSimulator = Ad-Hoc|iPhoneSimulator
		AppStore|Any CPU = AppStore|Any CPU
		AppStore|iPhone = AppStore|iPhone
		AppStore|iPhoneSimulator = AppStore|iPhoneSimulator
		Debug|Any CPU = Debug|Any CPU
		Debug|iPhone = Debug|iPhone
		Debug|iPhoneSimulator = Debug|iPhoneSimulator
		Release|Any CPU = Release|Any CPU
		Release|iPhone = Release|iPhone
		Release|iPhoneSimulator = Release|iPhoneSimulator
	EndGlobalSection
	GlobalSection(ProjectConfigurationPlatforms) = postSolution
		{F381F054-1A82-4D9D-B4D1-F6B2536D4067}.Ad-Hoc|Any CPU.ActiveCfg = Release|Any CPU
		{F381F054-1A82-4D9D-B4D1-F6B2536D4067}.Ad-Hoc|Any CPU.Build.0 = Release|Any CPU
		{F381F054-1A82-4D9D-B4D1-F6B2536D4067}.Ad-Hoc|Any CPU.Deploy.0 = Release|Any CPU
		{F381F054-1A82-4D9D-B4D1-F6B2536D4067}.Ad-Hoc|iPhone.ActiveCfg = Release|Any CPU
		{F381F054-1A82-4D9D-B4D1-F6B2536D4067}.Ad-Hoc|iPhone.Build.0 = Release|Any CPU
		{F381F054-1A82-4D9D-B4D1-F6B2536D4067}.Ad-Hoc|iPhone.Deploy.0 = Release|Any CPU
		{F381F054-1A82-4D9D-B4D1-F6B2536D4067}.Ad-Hoc|iPhoneSimulator.ActiveCfg = Release|Any CPU
		{F381F054-1A82-4D9D-B4D1-F6B2536D4067}.Ad-Hoc|iPhoneSimulator.Build.0 = Release|Any CPU
		{F381F054-1A82-4D9D-B4D1-F6B2536D4067}.Ad-Hoc|iPhoneSimulator.Deploy.0 = Release|Any CPU
		{F381F054-1A82-4D9D-B4D1-F6B2536D4067}.AppStore|Any CPU.ActiveCfg = Release|Any CPU
		{F381F054-1A82-4D9D-B4D1-F6B2536D4067}.AppStore|Any CPU.Build.0 = Release|Any CPU
		{F381F054-1A82-4D9D-B4D1-F6B2536D4067}.AppStore|Any CPU.Deploy.0 = Release|Any CPU
		{F381F054-1A82-4D9D-B4D1-F6B2536D4067}.AppStore|iPhone.ActiveCfg = Release|Any CPU
		{F381F054-1A82-4D9D-B4D1-F6B2536D4067}.AppStore|iPhone.Build.0 = Release|Any CPU
		{F381F054-1A82-4D9D-B4D1-F6B2536D4067}.AppStore|iPhone.Deploy.0 = Release|Any CPU
		{F381F054-1A82-4D9D-B4D1-F6B2536D4067}.AppStore|iPhoneSimulator.ActiveCfg = Release|Any CPU
		{F381F054-1A82-4D9D-B4D1-F6B2536D4067}.AppStore|iPhoneSimulator.Build.0 = Release|Any CPU
		{F381F054-1A82-4D9D-B4D1-F6B2536D4067}.AppStore|iPhoneSimulator.Deploy.0 = Release|Any CPU
		{F381F054-1A82-4D9D-B4D1-F6B2536D4067}.Debug|Any CPU.ActiveCfg = Debug|Any CPU
		{F381F054-1A82-4D9D-B4D1-F6B2536D4067}.Debug|Any CPU.Build.0 = Debug|Any CPU
		{F381F054-1A82-4D9D-B4D1-F6B2536D4067}.Debug|Any CPU.Deploy.0 = Debug|Any CPU
		{F381F054-1A82-4D9D-B4D1-F6B2536D4067}.Debug|iPhone.ActiveCfg = Debug|Any CPU
		{F381F054-1A82-4D9D-B4D1-F6B2536D4067}.Debug|iPhone.Build.0 = Debug|Any CPU
		{F381F054-1A82-4D9D-B4D1-F6B2536D4067}.Debug|iPhone.Deploy.0 = Debug|Any CPU
		{F381F054-1A82-4D9D-B4D1-F6B2536D4067}.Debug|iPhoneSimulator.ActiveCfg = Debug|Any CPU
		{F381F054-1A82-4D9D-B4D1-F6B2536D4067}.Debug|iPhoneSimulator.Build.0 = Debug|Any CPU
		{F381F054-1A82-4D9D-B4D1-F6B2536D4067}.Debug|iPhoneSimulator.Deploy.0 = Debug|Any CPU
		{F381F054-1A82-4D9D-B4D1-F6B2536D4067}.Release|Any CPU.ActiveCfg = Release|Any CPU
		{F381F054-1A82-4D9D-B4D1-F6B2536D4067}.Release|Any CPU.Build.0 = Release|Any CPU
		{F381F054-1A82-4D9D-B4D1-F6B2536D4067}.Release|Any CPU.Deploy.0 = Release|Any CPU
		{F381F054-1A82-4D9D-B4D1-F6B2536D4067}.Release|iPhone.ActiveCfg = Release|Any CPU
		{F381F054-1A82-4D9D-B4D1-F6B2536D4067}.Release|iPhone.Build.0 = Release|Any CPU
		{F381F054-1A82-4D9D-B4D1-F6B2536D4067}.Release|iPhone.Deploy.0 = Release|Any CPU
		{F381F054-1A82-4D9D-B4D1-F6B2536D4067}.Release|iPhoneSimulator.ActiveCfg = Release|Any CPU
		{F381F054-1A82-4D9D-B4D1-F6B2536D4067}.Release|iPhoneSimulator.Build.0 = Release|Any CPU
		{F381F054-1A82-4D9D-B4D1-F6B2536D4067}.Release|iPhoneSimulator.Deploy.0 = Release|Any CPU
		{ECAE68B1-90E0-4292-A411-D9F6C52E4B48}.Ad-Hoc|Any CPU.ActiveCfg = Ad-Hoc|iPhone
		{ECAE68B1-90E0-4292-A411-D9F6C52E4B48}.Ad-Hoc|Any CPU.Build.0 = Ad-Hoc|iPhone
		{ECAE68B1-90E0-4292-A411-D9F6C52E4B48}.Ad-Hoc|Any CPU.Deploy.0 = Ad-Hoc|iPhone
		{ECAE68B1-90E0-4292-A411-D9F6C52E4B48}.Ad-Hoc|iPhone.ActiveCfg = Ad-Hoc|iPhone
		{ECAE68B1-90E0-4292-A411-D9F6C52E4B48}.Ad-Hoc|iPhone.Build.0 = Ad-Hoc|iPhone
		{ECAE68B1-90E0-4292-A411-D9F6C52E4B48}.Ad-Hoc|iPhone.Deploy.0 = Ad-Hoc|iPhone
		{ECAE68B1-90E0-4292-A411-D9F6C52E4B48}.Ad-Hoc|iPhoneSimulator.ActiveCfg = Ad-Hoc|iPhoneSimulator
		{ECAE68B1-90E0-4292-A411-D9F6C52E4B48}.Ad-Hoc|iPhoneSimulator.Build.0 = Ad-Hoc|iPhoneSimulator
		{ECAE68B1-90E0-4292-A411-D9F6C52E4B48}.Ad-Hoc|iPhoneSimulator.Deploy.0 = Ad-Hoc|iPhoneSimulator
		{ECAE68B1-90E0-4292-A411-D9F6C52E4B48}.AppStore|Any CPU.ActiveCfg = AppStore|iPhone
		{ECAE68B1-90E0-4292-A411-D9F6C52E4B48}.AppStore|Any CPU.Build.0 = AppStore|iPhone
		{ECAE68B1-90E0-4292-A411-D9F6C52E4B48}.AppStore|Any CPU.Deploy.0 = AppStore|iPhone
		{ECAE68B1-90E0-4292-A411-D9F6C52E4B48}.AppStore|iPhone.ActiveCfg = AppStore|iPhone
		{ECAE68B1-90E0-4292-A411-D9F6C52E4B48}.AppStore|iPhone.Build.0 = AppStore|iPhone
		{ECAE68B1-90E0-4292-A411-D9F6C52E4B48}.AppStore|iPhone.Deploy.0 = AppStore|iPhone
		{ECAE68B1-90E0-4292-A411-D9F6C52E4B48}.AppStore|iPhoneSimulator.ActiveCfg = AppStore|iPhoneSimulator
		{ECAE68B1-90E0-4292-A411-D9F6C52E4B48}.AppStore|iPhoneSimulator.Build.0 = AppStore|iPhoneSimulator
		{ECAE68B1-90E0-4292-A411-D9F6C52E4B48}.AppStore|iPhoneSimulator.Deploy.0 = AppStore|iPhoneSimulator
		{ECAE68B1-90E0-4292-A411-D9F6C52E4B48}.Debug|Any CPU.ActiveCfg = Debug|iPhoneSimulator
		{ECAE68B1-90E0-4292-A411-D9F6C52E4B48}.Debug|Any CPU.Build.0 = Debug|iPhoneSimulator
		{ECAE68B1-90E0-4292-A411-D9F6C52E4B48}.Debug|Any CPU.Deploy.0 = Debug|iPhoneSimulator
		{ECAE68B1-90E0-4292-A411-D9F6C52E4B48}.Debug|iPhone.ActiveCfg = Debug|iPhone
		{ECAE68B1-90E0-4292-A411-D9F6C52E4B48}.Debug|iPhone.Build.0 = Debug|iPhone
		{ECAE68B1-90E0-4292-A411-D9F6C52E4B48}.Debug|iPhone.Deploy.0 = Debug|iPhone
		{ECAE68B1-90E0-4292-A411-D9F6C52E4B48}.Debug|iPhoneSimulator.ActiveCfg = Debug|iPhoneSimulator
		{ECAE68B1-90E0-4292-A411-D9F6C52E4B48}.Debug|iPhoneSimulator.Build.0 = Debug|iPhoneSimulator
		{ECAE68B1-90E0-4292-A411-D9F6C52E4B48}.Debug|iPhoneSimulator.Deploy.0 = Debug|iPhoneSimulator
		{ECAE68B1-90E0-4292-A411-D9F6C52E4B48}.Release|Any CPU.ActiveCfg = Release|iPhone
		{ECAE68B1-90E0-4292-A411-D9F6C52E4B48}.Release|Any CPU.Build.0 = Release|iPhone
		{ECAE68B1-90E0-4292-A411-D9F6C52E4B48}.Release|Any CPU.Deploy.0 = Release|iPhone
		{ECAE68B1-90E0-4292-A411-D9F6C52E4B48}.Release|iPhone.ActiveCfg = Release|iPhone
		{ECAE68B1-90E0-4292-A411-D9F6C52E4B48}.Release|iPhone.Build.0 = Release|iPhone
		{ECAE68B1-90E0-4292-A411-D9F6C52E4B48}.Release|iPhone.Deploy.0 = Release|iPhone
		{ECAE68B1-90E0-4292-A411-D9F6C52E4B48}.Release|iPhoneSimulator.ActiveCfg = Release|iPhoneSimulator
		{ECAE68B1-90E0-4292-A411-D9F6C52E4B48}.Release|iPhoneSimulator.Build.0 = Release|iPhoneSimulator
		{ECAE68B1-90E0-4292-A411-D9F6C52E4B48}.Release|iPhoneSimulator.Deploy.0 = Release|iPhoneSimulator
		{8E016CFD-94A9-46D7-9D71-362DDEE0EAD3}.Ad-Hoc|Any CPU.ActiveCfg = Debug|Any CPU
		{8E016CFD-94A9-46D7-9D71-362DDEE0EAD3}.Ad-Hoc|Any CPU.Build.0 = Debug|Any CPU
		{8E016CFD-94A9-46D7-9D71-362DDEE0EAD3}.Ad-Hoc|Any CPU.Deploy.0 = Debug|Any CPU
		{8E016CFD-94A9-46D7-9D71-362DDEE0EAD3}.Ad-Hoc|iPhone.ActiveCfg = Debug|Any CPU
		{8E016CFD-94A9-46D7-9D71-362DDEE0EAD3}.Ad-Hoc|iPhone.Build.0 = Debug|Any CPU
		{8E016CFD-94A9-46D7-9D71-362DDEE0EAD3}.Ad-Hoc|iPhone.Deploy.0 = Debug|Any CPU
		{8E016CFD-94A9-46D7-9D71-362DDEE0EAD3}.Ad-Hoc|iPhoneSimulator.ActiveCfg = Debug|Any CPU
		{8E016CFD-94A9-46D7-9D71-362DDEE0EAD3}.Ad-Hoc|iPhoneSimulator.Build.0 = Debug|Any CPU
		{8E016CFD-94A9-46D7-9D71-362DDEE0EAD3}.Ad-Hoc|iPhoneSimulator.Deploy.0 = Debug|Any CPU
		{8E016CFD-94A9-46D7-9D71-362DDEE0EAD3}.AppStore|Any CPU.ActiveCfg = Debug|Any CPU
		{8E016CFD-94A9-46D7-9D71-362DDEE0EAD3}.AppStore|Any CPU.Build.0 = Debug|Any CPU
		{8E016CFD-94A9-46D7-9D71-362DDEE0EAD3}.AppStore|Any CPU.Deploy.0 = Debug|Any CPU
		{8E016CFD-94A9-46D7-9D71-362DDEE0EAD3}.AppStore|iPhone.ActiveCfg = Debug|Any CPU
		{8E016CFD-94A9-46D7-9D71-362DDEE0EAD3}.AppStore|iPhone.Build.0 = Debug|Any CPU
		{8E016CFD-94A9-46D7-9D71-362DDEE0EAD3}.AppStore|iPhone.Deploy.0 = Debug|Any CPU
		{8E016CFD-94A9-46D7-9D71-362DDEE0EAD3}.AppStore|iPhoneSimulator.ActiveCfg = Debug|Any CPU
		{8E016CFD-94A9-46D7-9D71-362DDEE0EAD3}.AppStore|iPhoneSimulator.Build.0 = Debug|Any CPU
		{8E016CFD-94A9-46D7-9D71-362DDEE0EAD3}.AppStore|iPhoneSimulator.Deploy.0 = Debug|Any CPU
		{8E016CFD-94A9-46D7-9D71-362DDEE0EAD3}.Debug|Any CPU.ActiveCfg = Debug|Any CPU
		{8E016CFD-94A9-46D7-9D71-362DDEE0EAD3}.Debug|Any CPU.Build.0 = Debug|Any CPU
		{8E016CFD-94A9-46D7-9D71-362DDEE0EAD3}.Debug|Any CPU.Deploy.0 = Debug|Any CPU
		{8E016CFD-94A9-46D7-9D71-362DDEE0EAD3}.Debug|iPhone.ActiveCfg = Debug|Any CPU
		{8E016CFD-94A9-46D7-9D71-362DDEE0EAD3}.Debug|iPhone.Build.0 = Debug|Any CPU
		{8E016CFD-94A9-46D7-9D71-362DDEE0EAD3}.Debug|iPhone.Deploy.0 = Debug|Any CPU
		{8E016CFD-94A9-46D7-9D71-362DDEE0EAD3}.Debug|iPhoneSimulator.ActiveCfg = Debug|Any CPU
		{8E016CFD-94A9-46D7-9D71-362DDEE0EAD3}.Debug|iPhoneSimulator.Build.0 = Debug|Any CPU
		{8E016CFD-94A9-46D7-9D71-362DDEE0EAD3}.Debug|iPhoneSimulator.Deploy.0 = Debug|Any CPU
		{8E016CFD-94A9-46D7-9D71-362DDEE0EAD3}.Release|Any CPU.ActiveCfg = Release|Any CPU
		{8E016CFD-94A9-46D7-9D71-362DDEE0EAD3}.Release|Any CPU.Build.0 = Release|Any CPU
		{8E016CFD-94A9-46D7-9D71-362DDEE0EAD3}.Release|Any CPU.Deploy.0 = Release|Any CPU
		{8E016CFD-94A9-46D7-9D71-362DDEE0EAD3}.Release|iPhone.ActiveCfg = Release|Any CPU
		{8E016CFD-94A9-46D7-9D71-362DDEE0EAD3}.Release|iPhone.Build.0 = Release|Any CPU
		{8E016CFD-94A9-46D7-9D71-362DDEE0EAD3}.Release|iPhone.Deploy.0 = Release|Any CPU
		{8E016CFD-94A9-46D7-9D71-362DDEE0EAD3}.Release|iPhoneSimulator.ActiveCfg = Release|Any CPU
		{8E016CFD-94A9-46D7-9D71-362DDEE0EAD3}.Release|iPhoneSimulator.Build.0 = Release|Any CPU
		{8E016CFD-94A9-46D7-9D71-362DDEE0EAD3}.Release|iPhoneSimulator.Deploy.0 = Release|Any CPU
	EndGlobalSection
	GlobalSection(SolutionProperties) = preSolution
		HideSolutionNode = FALSE
	EndGlobalSection
	GlobalSection(ExtensibilityGlobals) = postSolution
		SolutionGuid = {156F8D12-FE3D-47F2-AF92-42785D006A81}
	EndGlobalSection
EndGlobal
